{
	"name": "project",
	"lockfileVersion": 3,
	"requires": true,
	"packages": {
		"": {
			"dependencies": {
				"@types/express": "^4.17.17",
				"@types/uuid": "^10.0.0",
				"uuid": "^11.1.0"
			}
		},
		"node_modules/@types/body-parser": {
			"version": "1.19.6",
			"resolved": "https://registry.npmjs.org/@types/body-parser/-/body-parser-1.19.6.tgz",
			"integrity": "sha512-HLFeCYgz89uk22N5Qg3dvGvsv46B8GLvKKo1zKG4NybA8U2DiEO3w9lqGg29t/tfLRJpJ6iQxnVw4OnB7MoM9g==",
			"license": "MIT",
			"dependencies": {
				"@types/connect": "*",
				"@types/node": "*"
			}
		},
		"node_modules/@types/connect": {
			"version": "3.4.38",
			"resolved": "https://registry.npmjs.org/@types/connect/-/connect-3.4.38.tgz",
			"integrity": "sha512-K6uROf1LD88uDQqJCktA4yzL1YYAK6NgfsI0v/mTgyPKWsX1CnJ0XPSDhViejru1GcRkLWb8RlzFYJRqGUbaug==",
			"license": "MIT",
			"dependencies": {
				"@types/node": "*"
			}
		},
		"node_modules/@types/express": {
			"version": "4.17.23",
			"resolved": "https://registry.npmjs.org/@types/express/-/express-4.17.23.tgz",
			"integrity": "sha512-Crp6WY9aTYP3qPi2wGDo9iUe/rceX01UMhnF1jmwDcKCFM6cx7YhGP/Mpr3y9AASpfHixIG0E6azCcL5OcDHsQ==",
			"license": "MIT",
			"dependencies": {
				"@types/body-parser": "*",
				"@types/express-serve-static-core": "^4.17.33",
				"@types/qs": "*",
				"@types/serve-static": "*"
			}
		},
		"node_modules/@types/express-serve-static-core": {
			"version": "4.19.6",
			"resolved": "https://registry.npmjs.org/@types/express-serve-static-core/-/express-serve-static-core-4.19.6.tgz",
			"integrity": "sha512-N4LZ2xG7DatVqhCZzOGb1Yi5lMbXSZcmdLDe9EzSndPV2HpWYWzRbaerl2n27irrm94EPpprqa8KpskPT085+A==",
			"license": "MIT",
			"dependencies": {
				"@types/node": "*",
				"@types/qs": "*",
				"@types/range-parser": "*",
				"@types/send": "*"
			}
		},
		"node_modules/@types/http-errors": {
			"version": "2.0.5",
			"resolved": "https://registry.npmjs.org/@types/http-errors/-/http-errors-2.0.5.tgz",
			"integrity": "sha512-r8Tayk8HJnX0FztbZN7oVqGccWgw98T/0neJphO91KkmOzug1KkofZURD4UaD5uH8AqcFLfdPErnBod0u71/qg==",
			"license": "MIT"
		},
		"node_modules/@types/mime": {
			"version": "1.3.5",
			"resolved": "https://registry.npmjs.org/@types/mime/-/mime-1.3.5.tgz",
			"integrity": "sha512-/pyBZWSLD2n0dcHE3hq8s8ZvcETHtEuF+3E7XVt0Ig2nvsVQXdghHVcEkIWjy9A0wKfTn97a/PSDYohKIlnP/w==",
			"license": "MIT"
		},
		"node_modules/@types/node": {
			"version": "24.1.0",
			"resolved": "https://registry.npmjs.org/@types/node/-/node-24.1.0.tgz",
			"integrity": "sha512-ut5FthK5moxFKH2T1CUOC6ctR67rQRvvHdFLCD2Ql6KXmMuCrjsSsRI9UsLCm9M18BMwClv4pn327UvB7eeO1w==",
			"license": "MIT",
			"dependencies": {
				"undici-types": "~7.8.0"
			}
		},
		"node_modules/@types/qs": {
			"version": "6.14.0",
			"resolved": "https://registry.npmjs.org/@types/qs/-/qs-6.14.0.tgz",
			"integrity": "sha512-eOunJqu0K1923aExK6y8p6fsihYEn/BYuQ4g0CxAAgFc4b/ZLN4CrsRZ55srTdqoiLzU2B2evC+apEIxprEzkQ==",
			"license": "MIT"
		},
		"node_modules/@types/range-parser": {
			"version": "1.2.7",
			"resolved": "https://registry.npmjs.org/@types/range-parser/-/range-parser-1.2.7.tgz",
			"integrity": "sha512-hKormJbkJqzQGhziax5PItDUTMAM9uE2XXQmM37dyd4hVM+5aVl7oVxMVUiVQn2oCQFN/LKCZdvSM0pFRqbSmQ==",
			"license": "MIT"
		},
		"node_modules/@types/send": {
			"version": "0.17.5",
			"resolved": "https://registry.npmjs.org/@types/send/-/send-0.17.5.tgz",
			"integrity": "sha512-z6F2D3cOStZvuk2SaP6YrwkNO65iTZcwA2ZkSABegdkAh/lf+Aa/YQndZVfmEXT5vgAp6zv06VQ3ejSVjAny4w==",
			"license": "MIT",
			"dependencies": {
				"@types/mime": "^1",
				"@types/node": "*"
			}
		},
		"node_modules/@types/serve-static": {
			"version": "1.15.8",
			"resolved": "https://registry.npmjs.org/@types/serve-static/-/serve-static-1.15.8.tgz",
			"integrity": "sha512-roei0UY3LhpOJvjbIP6ZZFngyLKl5dskOtDhxY5THRSpO+ZI+nzJ+m5yUMzGrp89YRa7lvknKkMYjqQFGwA7Sg==",
			"license": "MIT",
			"dependencies": {
				"@types/http-errors": "*",
				"@types/node": "*",
				"@types/send": "*"
			}
		},
		"node_modules/@types/uuid": {
			"version": "10.0.0",
			"resolved": "https://registry.npmjs.org/@types/uuid/-/uuid-10.0.0.tgz",
			"integrity": "sha512-7gqG38EyHgyP1S+7+xomFtL+ZNHcKv6DwNaCZmJmo1vgMugyF3TCnXVg4t1uk89mLNwnLtnY3TpOpCOyp1/xHQ==",
			"license": "MIT"
		},
		"node_modules/undici-types": {
			"version": "7.8.0",
			"resolved": "https://registry.npmjs.org/undici-types/-/undici-types-7.8.0.tgz",
			"integrity": "sha512-9UJ2xGDvQ43tYyVMpuHlsgApydB8ZKfVYTsLDhXkFL/6gfkp+U8xTGdh8pMJv1SpZna0zxG1DwsKZsreLbXBxw==",
			"license": "MIT"
		},
		"node_modules/uuid": {
			"version": "11.1.0",
			"resolved": "https://registry.npmjs.org/uuid/-/uuid-11.1.0.tgz",
			"integrity": "sha512-0/A9rDy9P7cJ+8w1c9WD9V//9Wj15Ce2MPz8Ri6032usz+NfePxx5AcN3bN+r6ZL6jEo066/yNYB3tn4pQEx+A==",
			"funding": [
				"https://github.com/sponsors/broofa",
				"https://github.com/sponsors/ctavan"
			],
			"license": "MIT",
			"bin": {
				"uuid": "dist/esm/bin/uuid"
			}
		}
	}
}
